
Microsoft Visual Studio Solution File, Format Version 12.00
# Visual Studio Version 17
VisualStudioVersion = 17.3.32811.315
MinimumVisualStudioVersion = 10.0.40219.1
Project("{FAE04EC0-301F-11D3-BF4B-00C04F79EFBC}") = "Day10assignment", "Day10assignment.csproj", "{E8353132-CC9B-4B5C-97B7-73F27974CEB4}"
EndProject
Global
	GlobalSection(SolutionConfigurationPlatforms) = preSolution
		Debug|Any CPU = Debug|Any CPU
		Release|Any CPU = Release|Any CPU
	EndGlobalSection
	GlobalSection(ProjectConfigurationPlatforms) = postSolution
		{E8353132-CC9B-4B5C-97B7-73F27974CEB4}.Debug|Any CPU.ActiveCfg = Debug|Any CPU
		{E8353132-CC9B-4B5C-97B7-73F27974CEB4}.Debug|Any CPU.Build.0 = Debug|Any CPU
		{E8353132-CC9B-4B5C-97B7-73F27974CEB4}.Release|Any CPU.ActiveCfg = Release|Any CPU
		{E8353132-CC9B-4B5C-97B7-73F27974CEB4}.Release|Any CPU.Build.0 = Release|Any CPU
	EndGlobalSection
	GlobalSection(SolutionProperties) = preSolution
		HideSolutionNode = FALSE
	EndGlobalSection
	GlobalSection(ExtensibilityGlobals) = postSolution
		SolutionGuid = {FAA8D16E-9D90-4FE5-9FB7-30F736236012}
	EndGlobalSection
EndGlobal
